{
  "requires": true,
  "lockfileVersion": 1,
  "dependencies": {
    "@types/aes-js": {
      "version": "3.1.1",
      "resolved": "https://registry.npmjs.org/@types/aes-js/-/aes-js-3.1.1.tgz",
      "integrity": "sha512-SDSGgXT3LRCH6qMWk8OHT1vLSVNuHNvCpKCx2/TYtQMbMGGgxJC9fspwSkQjqzRagrWnCrxuLL3jMNXLXHHvSw==",
      "dev": true
    },
    "@types/bluebird": {
      "version": "3.5.42",
      "resolved": "https://registry.npmjs.org/@types/bluebird/-/bluebird-3.5.42.tgz",
      "integrity": "sha512-Jhy+MWRlro6UjVi578V/4ZGNfeCOcNCp0YaFNIUGFKlImowqwb1O/22wDVk3FDGMLqxdpOV3qQHD5fPEH4hK6A==",
      "dev": true
    },
    "@types/cheerio": {
      "version": "0.22.32",
      "resolved": "https://registry.npmjs.org/@types/cheerio/-/cheerio-0.22.32.tgz",
      "integrity": "sha512-4RrpCp5ufWTLb6/1RCOjazRhUM6DTD79l763det29n8kLmPB7XeN46cxlUf2GsSF+0g6CbWT5nYl8C/Gs15bdg==",
      "dev": true,
      "requires": {
        "@types/node": "*"
      }
    },
    "@types/continuation-local-storage": {
      "version": "3.2.7",
      "resolved": "https://registry.npmjs.org/@types/continuation-local-storage/-/continuation-local-storage-3.2.7.tgz",
      "integrity": "sha512-Q7dPOymVpRG5Zpz90/o26+OAqOG2Sw+FED7uQmTrJNCF/JAPTylclZofMxZKd6W7g1BDPmT9/C/jX0ZcSNTQwQ==",
      "dev": true,
      "requires": {
        "@types/node": "*"
      }
    },
    "@types/crypto-js": {
      "version": "4.1.2",
      "resolved": "https://registry.npmjs.org/@types/crypto-js/-/crypto-js-4.1.2.tgz",
      "integrity": "sha512-t33RNmTu5ufG/sorROIafiCVJMx3jz95bXUMoPAZcUD14fxMXnuTzqzXZoxpR0tNx2xpw11Dlmem9vGCsrSOfA==",
      "dev": true
    },
    "@types/deasync": {
      "version": "0.1.2",
      "resolved": "https://registry.npmjs.org/@types/deasync/-/deasync-0.1.2.tgz",
      "integrity": "sha512-sCBFlGCEmZMPS06wdnQELcYzyUYio2K1Hp6g0fjJSKP1jkGKQpIdjRNUQAvdSCCJCWxIMCkX2CL7pi4BCm8Ydg==",
      "dev": true
    },
    "@types/domhandler": {
      "version": "2.4.2",
      "resolved": "https://registry.npmjs.org/@types/domhandler/-/domhandler-2.4.2.tgz",
      "integrity": "sha512-T6Fx2wcgCMGYAgXsWuc73FJe10QiBdfb0T9abSAMNYYJfxZpVNVlLvwpCuY71OMA0IdZhxpEwjhJpOUVmIEgnQ==",
      "dev": true
    },
    "@types/domutils": {
      "version": "1.7.4",
      "resolved": "https://registry.npmjs.org/@types/domutils/-/domutils-1.7.4.tgz",
      "integrity": "sha512-w542nRQ0vpXQjLYP52LKqrugQtUq580dEDiDIyZ6IBmV8a3LXjGVNxfj/jUQxS0kDsbZAWsSxQOcTfVX3HRdwg==",
      "dev": true,
      "requires": {
        "domhandler": "^2.4.0"
      }
    },
    "@types/eslint": {
      "version": "8.44.2",
      "resolved": "https://registry.npmjs.org/@types/eslint/-/eslint-8.44.2.tgz",
      "integrity": "sha512-sdPRb9K6iL5XZOmBubg8yiFp5yS/JdUDQsq5e6h95km91MCYMuvp7mh1fjPEYUhvHepKpZOjnEaMBR4PxjWDzg==",
      "dev": true,
      "requires": {
        "@types/estree": "*",
        "@types/json-schema": "*"
      }
    },
    "@types/estree": {
      "version": "1.0.5",
      "resolved": "https://registry.npmjs.org/@types/estree/-/estree-1.0.5.tgz",
      "integrity": "sha512-/kYRxGDLWzHOB7q+wtSUQlFrtcdUccpfy+X+9iMBpHK8QLLhx2wIPYuS5DYtR9Wa/YlZAbIovy7qVdB1Aq6Lyw==",
      "dev": true
    },
    "@types/fs-ext": {
      "version": "2.0.0",
      "resolved": "https://registry.npmjs.org/@types/fs-ext/-/fs-ext-2.0.0.tgz",
      "integrity": "sha512-v+rZ57B796XFBS4gbkYnmsmGdh8zDdcyFFtA+GqNdeD75MlS97m+hknE/JixwlxbpvPwUqoYraf3ePC6r+ByXw==",
      "dev": true,
      "requires": {
        "@types/node": "*"
      }
    },
    "@types/json-schema": {
      "version": "7.0.15",
      "resolved": "https://registry.npmjs.org/@types/json-schema/-/json-schema-7.0.15.tgz",
      "integrity": "sha512-5+fP8P8MFNC+AyZCDxrB2pkZFPGzqQWUzpSeuuVLvm8VMcorNYavBqoFcxK8bQz4Qsbn4oUEEem4wDLfcysGHA==",
      "dev": true
    },
    "@types/lodash": {
      "version": "4.14.201",
      "resolved": "https://registry.npmjs.org/@types/lodash/-/lodash-4.14.201.tgz",
      "integrity": "sha512-y9euML0cim1JrykNxADLfaG0FgD1g/yTHwUs/Jg9ZIU7WKj2/4IW9Lbb1WZbvck78W/lfGXFfe+u2EGfIJXdLQ==",
      "dev": true
    },
    "@types/mocha": {
      "version": "10.0.1",
      "resolved": "https://registry.npmjs.org/@types/mocha/-/mocha-10.0.1.tgz",
      "integrity": "sha512-/fvYntiO1GeICvqbQ3doGDIP97vWmvFt83GKguJ6prmQM2iXZfFcq6YE8KteFyRtX2/h5Hf91BYvPodJKFYv5Q==",
      "dev": true
    },
    "@types/node": {
      "version": "20.8.10",
      "resolved": "https://registry.npmjs.org/@types/node/-/node-20.8.10.tgz",
      "integrity": "sha512-TlgT8JntpcbmKUFzjhsyhGfP2fsiz1Mv56im6enJ905xG1DAYesxJaeSbGqQmAw8OWPdhyJGhGSQGKRNJ45u9w==",
      "dev": true,
      "requires": {
        "undici-types": "~5.26.4"
      }
    },
    "@types/node-fetch": {
      "version": "2.6.4",
      "resolved": "https://registry.npmjs.org/@types/node-fetch/-/node-fetch-2.6.4.tgz",
      "integrity": "sha512-1ZX9fcN4Rvkvgv4E6PAY5WXUFWFcRWxZa3EW83UjycOB9ljJCedb2CupIP4RZMEwF/M3eTcCihbBRgwtGbg5Rg==",
      "dev": true,
      "requires": {
        "@types/node": "*",
        "form-data": "^3.0.0"
      }
    },
    "@types/sequelize": {
      "version": "4.28.15",
      "resolved": "https://registry.npmjs.org/@types/sequelize/-/sequelize-4.28.15.tgz",
      "integrity": "sha512-DlwOs4Dz2s+bDlL4RFxl5mJZJC2r1Z7/hlTPIF0JF1RciivH120yEQF0gYQI9NXd3+KJOmvFyScaEO/7dxGQew==",
      "dev": true,
      "requires": {
        "@types/bluebird": "*",
        "@types/continuation-local-storage": "*",
        "@types/lodash": "*",
        "@types/validator": "*"
      }
    },
    "@types/speakeasy": {
      "version": "2.0.7",
      "resolved": "https://registry.npmjs.org/@types/speakeasy/-/speakeasy-2.0.7.tgz",
      "integrity": "sha512-JEcOhN2SQCoX86ZfiZEe8px84sVJtivBXMZfOVyARTYEj0hrwwbj1nF0FwEL3nJSoEV6uTbcdLllMKBgAYHWCQ==",
      "dev": true,
      "requires": {
        "@types/node": "*"
      }
    },
    "@types/ultron": {
      "version": "1.1.1",
      "resolved": "https://registry.npmjs.org/@types/ultron/-/ultron-1.1.1.tgz",
      "integrity": "sha512-rDdjMjO69Pb40Yof3hhHd9T/ea7X+P+6QdTyqMUBk1fkCT6iWzPuLhz7YwhQ6w6EFkf8BzJs4fkBIpZGmXHkVw==",
      "dev": true
    },
    "@types/uniqid": {
      "version": "5.3.2",
      "resolved": "https://registry.npmjs.org/@types/uniqid/-/uniqid-5.3.2.tgz",
      "integrity": "sha512-/NYoaZpWsnAJDsGYeMNDeG3p3fuUb4AiC7MfKxi5VSu18tXd08w6Ch0fKW94T4FeLXXZwZPoFgHA1O0rDYKyMQ==",
      "dev": true
    },
    "@types/validator": {
      "version": "13.11.6",
      "resolved": "https://registry.npmjs.org/@types/validator/-/validator-13.11.6.tgz",
      "integrity": "sha512-HUgHujPhKuNzgNXBRZKYexwoG+gHKU+tnfPqjWXFghZAnn73JElicMkuSKJyLGr9JgyA8IgK7fj88IyA9rwYeQ==",
      "dev": true
    },
    "asynckit": {
      "version": "0.4.0",
      "resolved": "https://registry.npmjs.org/asynckit/-/asynckit-0.4.0.tgz",
      "integrity": "sha512-Oei9OH4tRh0YqU3GxhX79dM/mwVgvbZJaSNaRk+bshkj0S5cfHcgYakreBjrHwatXKbz+IoIdYLxrKim2MjW0Q==",
      "dev": true
    },
    "combined-stream": {
      "version": "1.0.8",
      "resolved": "https://registry.npmjs.org/combined-stream/-/combined-stream-1.0.8.tgz",
      "integrity": "sha512-FQN4MRfuJeHf7cBbBMJFXhKSDq+2kAArBlmRBvcvFE5BB1HZKXtSFASDhdlz9zOYwxh8lDdnvmMOe/+5cdoEdg==",
      "dev": true,
      "requires": {
        "delayed-stream": "~1.0.0"
      }
    },
    "delayed-stream": {
      "version": "1.0.0",
      "resolved": "https://registry.npmjs.org/delayed-stream/-/delayed-stream-1.0.0.tgz",
      "integrity": "sha512-ZySD7Nf91aLB0RxL4KGrKHBXl7Eds1DAmEdcoVawXnLD7SDhpNgtuII2aAkg7a7QS41jxPSZ17p4VdGnMHk3MQ==",
      "dev": true
    },
    "domelementtype": {
      "version": "1.3.1",
      "resolved": "https://registry.npmjs.org/domelementtype/-/domelementtype-1.3.1.tgz",
      "integrity": "sha512-BSKB+TSpMpFI/HOxCNr1O8aMOTZ8hT3pM3GQ0w/mWRmkhEDSFJkkyzz4XQsBV44BChwGkrDfMyjVD0eA2aFV3w==",
      "dev": true
    },
    "domhandler": {
      "version": "2.4.2",
      "resolved": "https://registry.npmjs.org/domhandler/-/domhandler-2.4.2.tgz",
      "integrity": "sha512-JiK04h0Ht5u/80fdLMCEmV4zkNh2BcoMFBmZ/91WtYZ8qVXSKjiw7fXMgFPnHcSZgOo3XdinHvmnDUeMf5R4wA==",
      "dev": true,
      "requires": {
        "domelementtype": "1"
      }
    },
    "form-data": {
      "version": "3.0.1",
      "resolved": "https://registry.npmjs.org/form-data/-/form-data-3.0.1.tgz",
      "integrity": "sha512-RHkBKtLWUVwd7SqRIvCZMEvAMoGUp0XU+seQiZejj0COz3RI3hWP4sCv3gZWWLjJTd7rGwcsF5eKZGii0r/hbg==",
      "dev": true,
      "requires": {
        "asynckit": "^0.4.0",
        "combined-stream": "^1.0.8",
        "mime-types": "^2.1.12"
      }
    },
    "mime-db": {
      "version": "1.52.0",
      "resolved": "https://registry.npmjs.org/mime-db/-/mime-db-1.52.0.tgz",
      "integrity": "sha512-sPU4uV7dYlvtWJxwwxHD0PuihVNiE7TyAbQ5SWxDCB9mUYvOgroQOwYQQOKPJ8CIbE+1ETVlOoK1UC2nU3gYvg==",
      "dev": true
    },
    "mime-types": {
      "version": "2.1.35",
      "resolved": "https://registry.npmjs.org/mime-types/-/mime-types-2.1.35.tgz",
      "integrity": "sha512-ZDY+bPm5zTTF+YpCrAU9nK0UgICYPT0QtT1NZWFv4s++TNkcgVaT0g6+4R2uI4MjQjzysHB1zxuWL50hzaeXiw==",
      "dev": true,
      "requires": {
        "mime-db": "1.52.0"
      }
    },
    "types-registry": {
      "version": "0.1.671",
      "resolved": "https://registry.npmjs.org/types-registry/-/types-registry-0.1.671.tgz",
      "integrity": "sha512-JAFn7z/xXbs8geyZSpmt3nLVO60DvzzRiUJzbCVZEjBYe/sMMFYkKccU8oFVf/27habo2KlpH8ZAxAcYD9QyEQ=="
    },
    "undici-types": {
      "version": "5.26.5",
      "resolved": "https://registry.npmjs.org/undici-types/-/undici-types-5.26.5.tgz",
      "integrity": "sha512-JlCMO+ehdEIKqlFxk6IfVoAUVmgz7cU7zD/h9XZ0qzeosSHmUJVOzSQvvYSYWXkFXC+IfLKSIffhv0sVZup6pA==",
      "dev": true
    }
  }
}
